github.com/absfs/inode v0.0.0-20251208170702-9db24ab95ae4 h1:on/poHeOcUsAivcRifj/YVn3KW42mcvGuwIcwY0laTA=
github.com/absfs/inode v0.0.0-20251208170702-9db24ab95ae4/go.mod h1:98Uz4QOknMBXXWwXUIs2TzSwuz+9mbSAKASbwF1eld8=
github.com/absfs/memfs v0.0.0-20251208230836-c6633f45580a h1:qlUfgzRrIAX5uuFVZ0IGriYtDCXcmzVF0EezCESG6PM=
github.com/absfs/memfs v0.0.0-20251208230836-c6633f45580a/go.mod h1:QU7ybM+nxDnWEYxAeBOrixMS97lAkpMf4jSGtXq4l3M=
